
Microsoft Visual Studio Solution File, Format Version 12.00
# Visual Studio Version 16
VisualStudioVersion = 16.0.29509.3
MinimumVisualStudioVersion = 10.0.40219.1
Project("{9A19103F-16F7-4668-BE54-9A1E7A4F7556}") = "mvc.filter", "WebApplication11\mvc.filter.csproj", "{9B98D378-818A-47A4-90DE-E20821C78DA0}"
EndProject
Project("{9A19103F-16F7-4668-BE54-9A1E7A4F7556}") = "Exceptionless.Demo2.2", "Exceptionless.Net\Exceptionless.Demo2.2.csproj", "{E429302E-4BC0-4368-934F-3DB0A149043C}"
EndProject
Project("{2150E333-8FDC-42A3-9474-1A3956D46DE8}") = "DotNetCore", "DotNetCore", "{9F674A65-FDDA-43AD-BA95-3D8D0F8AC6D5}"
EndProject
Project("{2150E333-8FDC-42A3-9474-1A3956D46DE8}") = "日志", "日志", "{F8F45486-08EC-413C-BA07-89F71AE7B455}"
EndProject
Project("{9A19103F-16F7-4668-BE54-9A1E7A4F7556}") = "HttpClientSample", "HttpClientSample\HttpClientSample.csproj", "{E668D757-B7E8-47C4-8B29-8D2708BD47FB}"
EndProject
Project("{9A19103F-16F7-4668-BE54-9A1E7A4F7556}") = "BrokenApi", "BrokenApi\BrokenApi.csproj", "{CDD5261F-828A-4F66-9613-64376F3C9CD4}"
EndProject
Project("{2150E333-8FDC-42A3-9474-1A3956D46DE8}") = "HttpClientfactory", "HttpClientfactory", "{42D3B32F-12C3-4F70-902B-BF7F092C6FD5}"
EndProject
Project("{2150E333-8FDC-42A3-9474-1A3956D46DE8}") = "分布式事务", "分布式事务", "{29C6666B-3F95-456A-BF64-93F17B715434}"
EndProject
Project("{9A19103F-16F7-4668-BE54-9A1E7A4F7556}") = "WebApplication1", "cap\WebApplication1\WebApplication1.csproj", "{A4DF3C49-684E-4841-B16D-BF1B3DAB6234}"
EndProject
Project("{9A19103F-16F7-4668-BE54-9A1E7A4F7556}") = "ConsoleApp1", "cap\ConsoleApp1\ConsoleApp1.csproj", "{7FC11BFC-D1C9-4424-8D02-B4B62390DCA2}"
EndProject
Project("{9A19103F-16F7-4668-BE54-9A1E7A4F7556}") = "Sample.RabbitMQ.MySql", "cap\samples\Sample.RabbitMQ.MySql\Sample.RabbitMQ.MySql.csproj", "{C6B9FF2C-1B55-4782-8761-96C373A77E39}"
EndProject
Project("{FAE04EC0-301F-11D3-BF4B-00C04F79EFBC}") = "webElmah.demo", "Elmah\webElmah.demo.csproj", "{7191B07B-3EC7-4B8F-881F-4ABAEE6F21B5}"
EndProject
Project("{2150E333-8FDC-42A3-9474-1A3956D46DE8}") = "分布式追踪", "分布式追踪", "{9FC1F21E-06BE-4BFB-A386-E8D649E9821F}"
EndProject
Project("{9A19103F-16F7-4668-BE54-9A1E7A4F7556}") = "SkyWalkingA", "WebApplication4\SkyWalkingA.csproj", "{57288DB0-2518-4852-8F91-72289A1918EB}"
EndProject
Project("{9A19103F-16F7-4668-BE54-9A1E7A4F7556}") = "SkyWalkingB", "WebApplication4 - 副本\SkyWalkingB.csproj", "{FD38C79A-669E-4C83-AB03-72D1968ED14D}"
EndProject
Project("{9A19103F-16F7-4668-BE54-9A1E7A4F7556}") = "hangfiretest", "hangfiretest\hangfiretest.csproj", "{8C0AB162-037D-4724-B5F2-6B93D5A80722}"
EndProject
Project("{2150E333-8FDC-42A3-9474-1A3956D46DE8}") = "ABP", "ABP", "{004BFA3F-D817-44DD-8EB5-C084949033E7}"
EndProject
Project("{9A19103F-16F7-4668-BE54-9A1E7A4F7556}") = "AbpWeb.Demo", "WebApplication15\AbpWeb.Demo.csproj", "{23724795-C3C7-4892-BCD8-2409FF736704}"
EndProject
Project("{2150E333-8FDC-42A3-9474-1A3956D46DE8}") = "hangfire", "hangfire", "{3BB8002B-F291-4A81-ACBF-2DF8E5C593BE}"
EndProject
Project("{9A19103F-16F7-4668-BE54-9A1E7A4F7556}") = "TestService", "TestService\TestService.csproj", "{DA3340DE-E9E0-4580-B257-2BB6D87672C2}"
EndProject
Project("{2150E333-8FDC-42A3-9474-1A3956D46DE8}") = "Solution Items", "Solution Items", "{731FC7E4-A3F2-4985-878B-2D757125CC5D}"
	ProjectSection(SolutionItems) = preProject
		README.md = README.md
	EndProjectSection
EndProject
Project("{9A19103F-16F7-4668-BE54-9A1E7A4F7556}") = "Exceptionless.NLog.Demo", "WebApplicationnlog\Exceptionless.NLog.Demo.csproj", "{4A8FB884-205C-43D1-8470-D812B7584946}"
EndProject
Project("{9A19103F-16F7-4668-BE54-9A1E7A4F7556}") = "WebApplicationHealthCheck", "WebApplicationHealthCheck\WebApplicationHealthCheck.csproj", "{DC3E44A2-67FE-4431-BF26-2F78F5A3D9A7}"
EndProject
Project("{2150E333-8FDC-42A3-9474-1A3956D46DE8}") = "China2019.NET Conf", "China2019.NET Conf", "{4D028B12-C6BF-4C2E-A904-D150B680B04B}"
	ProjectSection(SolutionItems) = preProject
		China2019.NET Conf\02 My.Developer.Journey.with.NET.Watermark.pdf = China2019.NET Conf\02 My.Developer.Journey.with.NET.Watermark.pdf
		China2019.NET Conf\03 肖伟宇-用ASP.NET Core构建可检测的高可用服务-V1稿Watermark.pdf = China2019.NET Conf\03 肖伟宇-用ASP.NET Core构建可检测的高可用服务-V1稿Watermark.pdf
		China2019.NET Conf\04 卢建晖-DotNETCore- AI Intro-V3稿Watermark.pdf = China2019.NET Conf\04 卢建晖-DotNETCore- AI Intro-V3稿Watermark.pdf
		China2019.NET Conf\05 ASP.NET Core基于K8S的微服务电商案例实践-刘腾飞-V1稿Watermark.pdf = China2019.NET Conf\05 ASP.NET Core基于K8S的微服务电商案例实践-刘腾飞-V1稿Watermark.pdf
		China2019.NET Conf\A 01 桂素伟-dnc在k8s上的开发实践Watermark.pdf = China2019.NET Conf\A 01 桂素伟-dnc在k8s上的开发实践Watermark.pdf
		China2019.NET Conf\A 02 朱宗海-微服务快速开发框架的设计Watermark.pdf = China2019.NET Conf\A 02 朱宗海-微服务快速开发框架的设计Watermark.pdf
		China2019.NET Conf\A 03 罗彬-深入浅出Application InsightsWatermark.pdf = China2019.NET Conf\A 03 罗彬-深入浅出Application InsightsWatermark.pdf
		China2019.NET Conf\A 04 苏震巍 .Net Core + 微信赋能企业级智能客服系统 - V3.0Watermark.pdf = China2019.NET Conf\A 04 苏震巍 .Net Core + 微信赋能企业级智能客服系统 - V3.0Watermark.pdf
		China2019.NET Conf\A 05 行云李望-传统 .net应用向微服务架构迁移的实践经验 v1.2Watermark.pdf = China2019.NET Conf\A 05 行云李望-传统 .net应用向微服务架构迁移的实践经验 v1.2Watermark.pdf
		China2019.NET Conf\A 闪01-黄海鹏-使用.NET Core 3.0构建现代化的电子价签管理系统Watermark.pdf = China2019.NET Conf\A 闪01-黄海鹏-使用.NET Core 3.0构建现代化的电子价签管理系统Watermark.pdf
		China2019.NET Conf\A 闪02-张潇-助力传统应用上云Watermark.pdf = China2019.NET Conf\A 闪02-张潇-助力传统应用上云Watermark.pdf
		China2019.NET Conf\A 闪03-Anduin-编译又快又小的.NET Core最佳实践Watermark.pdf = China2019.NET Conf\A 闪03-Anduin-编译又快又小的.NET Core最佳实践Watermark.pdf
		China2019.NET Conf\B 01 蒋金楠-当我们在谈.NET Core跨平台时我们在谈什么Watermark.pdf = China2019.NET Conf\B 01 蒋金楠-当我们在谈.NET Core跨平台时我们在谈什么Watermark.pdf
		China2019.NET Conf\B 02 黄国石-.NET大数据实时计算Watermark.pdf = China2019.NET Conf\B 02 黄国石-.NET大数据实时计算Watermark.pdf
		China2019.NET Conf\B 03 周国庆-.NET技术架构下的混沌工程实践V2.0Watermark.pdf = China2019.NET Conf\B 03 周国庆-.NET技术架构下的混沌工程实践V2.0Watermark.pdf
		China2019.NET Conf\B 04 陈计节-.NET Core 微服务自动化测试最佳实践Watermark.pdf = China2019.NET Conf\B 04 陈计节-.NET Core 微服务自动化测试最佳实践Watermark.pdf
		China2019.NET Conf\B 05 梁规晓-.NET Core下建立测试驱动的高效开发模型Watermark.pdf = China2019.NET Conf\B 05 梁规晓-.NET Core下建立测试驱动的高效开发模型Watermark.pdf
		China2019.NET Conf\B 闪01-RPA、AI、.net core 未来-潘淳-V1稿Watermark.pdf = China2019.NET Conf\B 闪01-RPA、AI、.net core 未来-潘淳-V1稿Watermark.pdf
		China2019.NET Conf\B 闪02-周岳-Xamarin案例剖析Watermark.pdf = China2019.NET Conf\B 闪02-周岳-Xamarin案例剖析Watermark.pdf
		China2019.NET Conf\B 闪03-韩骏-Visual Studio Code —— .NET 开发利器Watermark.pdf = China2019.NET Conf\B 闪03-韩骏-Visual Studio Code —— .NET 开发利器Watermark.pdf
		China2019.NET Conf\C 01 刘凡平-.NET下的深度学习应用实践Watermark.pdf = China2019.NET Conf\C 01 刘凡平-.NET下的深度学习应用实践Watermark.pdf
		China2019.NET Conf\C 02 杨守斌-.NET Core IoTWatermark.pdf = China2019.NET Conf\C 02 杨守斌-.NET Core IoTWatermark.pdf
		China2019.NET Conf\C 03 梁士伟-abpvnext下一代asp.netcore开源应用程序框架Watermark.pdf = China2019.NET Conf\C 03 梁士伟-abpvnext下一代asp.netcore开源应用程序框架Watermark.pdf
		China2019.NET Conf\C 04 鲍健运-Unity_DOTS-高性能开发技术_v2Watermark.pdf = China2019.NET Conf\C 04 鲍健运-Unity_DOTS-高性能开发技术_v2Watermark.pdf
		China2019.NET Conf\C 05 王龙飞 Neo.通过.NET探索区块链技术Watermark.pdf = China2019.NET Conf\C 05 王龙飞 Neo.通过.NET探索区块链技术Watermark.pdf
		China2019.NET Conf\C 闪01-衣明志 - Puppeteer在.NET中的应用与避坑Watermark.pdf = China2019.NET Conf\C 闪01-衣明志 - Puppeteer在.NET中的应用与避坑Watermark.pdf
	EndProjectSection
EndProject
Project("{2150E333-8FDC-42A3-9474-1A3956D46DE8}") = "Base", "Base", "{B1D82AFD-A4E1-408E-A552-0F90A61A4035}"
EndProject
Project("{2150E333-8FDC-42A3-9474-1A3956D46DE8}") = "HealthCheck", "HealthCheck", "{87383C15-BD5D-46D9-813D-400FDF20F093}"
EndProject
Project("{9A19103F-16F7-4668-BE54-9A1E7A4F7556}") = "conan.core", "conan.core\conan.core.csproj", "{75891CA9-B271-4E75-8F58-5DEAB9FFAC44}"
EndProject
Project("{2150E333-8FDC-42A3-9474-1A3956D46DE8}") = "id4认证", "id4认证", "{FE3BFA4E-12F3-4E06-9E7E-A2A29FE36CE3}"
	ProjectSection(SolutionItems) = preProject
		hangfiretest\README.md = hangfiretest\README.md
	EndProjectSection
EndProject
Project("{2150E333-8FDC-42A3-9474-1A3956D46DE8}") = "api", "api", "{058902F4-1E13-4E28-A976-0672F8031060}"
	ProjectSection(SolutionItems) = preProject
		Exceptionless.Net\README.md = Exceptionless.Net\README.md
	EndProjectSection
EndProject
Project("{9A19103F-16F7-4668-BE54-9A1E7A4F7556}") = "demoJobs.Hangfire", "abpDemoJobs.Hangfire-master\demoJobs.Hangfire.csproj", "{E6A535A3-20E1-4E7C-A5DB-CF04AFC82A9B}"
EndProject
Project("{9A19103F-16F7-4668-BE54-9A1E7A4F7556}") = "hangfire.abp.demo", "WebApplication15 - 副本\hangfire.abp.demo.csproj", "{B68846ED-52D4-4F61-AA5F-CE9BED5C499D}"
EndProject
Project("{2150E333-8FDC-42A3-9474-1A3956D46DE8}") = "k8s和docker", "k8s和docker", "{F97870AA-7E0E-4730-8BF4-077C401DC25D}"
EndProject
Project("{2150E333-8FDC-42A3-9474-1A3956D46DE8}") = "前端", "前端", "{650E96E9-BA77-464B-B141-0FEB04859847}"
EndProject
Project("{2150E333-8FDC-42A3-9474-1A3956D46DE8}") = "网关", "网关", "{89E8D546-A459-49B4-8C6C-EEB22F8BDA9F}"
EndProject
Project("{2150E333-8FDC-42A3-9474-1A3956D46DE8}") = "微服务", "微服务", "{1199B15A-E8B8-465E-8DCC-B81A4273563F}"
EndProject
Project("{2150E333-8FDC-42A3-9474-1A3956D46DE8}") = "规范管理", "规范管理", "{B3F924A1-71F0-4AA1-8E12-DCD4337F9463}"
EndProject
Project("{2150E333-8FDC-42A3-9474-1A3956D46DE8}") = "自动化部署", "自动化部署", "{18F9B3A0-A8C6-4C3E-B37D-E7A3CAFCDF91}"
EndProject
Project("{2150E333-8FDC-42A3-9474-1A3956D46DE8}") = "队列", "队列", "{C11ACC55-7BAB-4DF9-8F31-3DCA68FB20B8}"
EndProject
Project("{2150E333-8FDC-42A3-9474-1A3956D46DE8}") = "设计模式", "设计模式", "{4B1358FB-31DD-45BB-AC45-04B0A5CDAE11}"
EndProject
Project("{2150E333-8FDC-42A3-9474-1A3956D46DE8}") = "多线程", "多线程", "{FAC568E7-37C1-4E8D-9978-9C59DA97D2B1}"
EndProject
Project("{2150E333-8FDC-42A3-9474-1A3956D46DE8}") = "nosql", "nosql", "{2BC923BA-4AA5-4293-A85E-723276BE3083}"
EndProject
Project("{2150E333-8FDC-42A3-9474-1A3956D46DE8}") = "orm", "orm", "{39E03630-CB81-4707-83AA-CBC3553CFCCE}"
EndProject
Project("{2150E333-8FDC-42A3-9474-1A3956D46DE8}") = "数据库优化", "数据库优化", "{ED172346-5654-4C15-A565-D6B82B4E01F1}"
EndProject
Project("{2150E333-8FDC-42A3-9474-1A3956D46DE8}") = "分表分库", "分表分库", "{B246A27D-9DDA-4567-8ACD-420D820EC4AF}"
EndProject
Project("{2150E333-8FDC-42A3-9474-1A3956D46DE8}") = "linux", "linux", "{6B11E4A3-F490-4450-80FC-C68DDFA9D319}"
EndProject
Project("{2150E333-8FDC-42A3-9474-1A3956D46DE8}") = "大数据", "大数据", "{B5032E1A-0DDD-4C87-91C9-87972A728B39}"
EndProject
Project("{9A19103F-16F7-4668-BE54-9A1E7A4F7556}") = "weblogin", "WebApplication22\weblogin.csproj", "{58F52F88-ED4F-49C5-B420-AD9767DB3413}"
EndProject
Project("{9A19103F-16F7-4668-BE54-9A1E7A4F7556}") = "web.api", "WebApplicationapi\web.api.csproj", "{6810580A-BEB0-4EC5-8B5D-8A72753FB760}"
EndProject
Project("{9A19103F-16F7-4668-BE54-9A1E7A4F7556}") = "WebToWinService", "WebApplication24\WebToWinService.csproj", "{71A606F8-B43A-4C18-81C5-7D5FFEE8CDDD}"
EndProject
Project("{9A19103F-16F7-4668-BE54-9A1E7A4F7556}") = "IdentityServer4test", "WebApplication25\IdentityServer4test.csproj", "{7E8AE6BC-9EC7-48CF-BEEA-A118D2D6C8D0}"
EndProject
Project("{9A19103F-16F7-4668-BE54-9A1E7A4F7556}") = "ApiClient", "WebApplication26\ApiClient.csproj", "{2022E920-BC62-4DBC-A368-9631C3C84989}"
EndProject
Project("{9A19103F-16F7-4668-BE54-9A1E7A4F7556}") = "test", "ConsoleApp7\test.csproj", "{1C5CC774-34EF-4ED3-A82F-2CA7D46D9845}"
EndProject
Project("{9A19103F-16F7-4668-BE54-9A1E7A4F7556}") = "WebApplication27", "WebApplication27\WebApplication27.csproj", "{04836B48-8D50-4DB4-A834-FCB5B3720660}"
EndProject
Project("{2150E333-8FDC-42A3-9474-1A3956D46DE8}") = "redis", "redis", "{F1011305-2C7C-46CD-9ACA-D2DD5E9CD4DD}"
	ProjectSection(SolutionItems) = preProject
		Exceptionless.Net\README.md = Exceptionless.Net\README.md
	EndProjectSection
EndProject
Project("{2150E333-8FDC-42A3-9474-1A3956D46DE8}") = "rabbitmq", "rabbitmq", "{149059C0-3F10-44DD-95B9-9867B56223AE}"
	ProjectSection(SolutionItems) = preProject
		Exceptionless.Net\README.md = Exceptionless.Net\README.md
	EndProjectSection
EndProject
Project("{2150E333-8FDC-42A3-9474-1A3956D46DE8}") = "数据库", "数据库", "{E8F8DEA9-5987-49C1-9507-7BA172B4023A}"
	ProjectSection(SolutionItems) = preProject
		Exceptionless.Net\README.md = Exceptionless.Net\README.md
	EndProjectSection
EndProject
Project("{2150E333-8FDC-42A3-9474-1A3956D46DE8}") = "设计模式1", "设计模式1", "{19941B7C-F078-47B2-A645-6970706B7B82}"
	ProjectSection(SolutionItems) = preProject
		Exceptionless.Net\README.md = Exceptionless.Net\README.md
	EndProjectSection
EndProject
Project("{2150E333-8FDC-42A3-9474-1A3956D46DE8}") = "网关1", "网关1", "{A48456ED-DDCF-4AE6-B118-27E7B0EEBA69}"
	ProjectSection(SolutionItems) = preProject
		Exceptionless.Net\README.md = Exceptionless.Net\README.md
	EndProjectSection
EndProject
Project("{2150E333-8FDC-42A3-9474-1A3956D46DE8}") = "微服务1", "微服务1", "{7F5FCC84-118A-43EE-BFB3-C7D540A73C25}"
EndProject
Project("{2150E333-8FDC-42A3-9474-1A3956D46DE8}") = "文档", "文档", "{3E4E8BD8-0CBF-4CDF-8A55-CA879AF32427}"
	ProjectSection(SolutionItems) = preProject
		..\..\BaiduNetdiskDownload\ABP框架学习：第一课（框架与基础组件介绍）-邓祥云.pptx = ..\..\BaiduNetdiskDownload\ABP框架学习：第一课（框架与基础组件介绍）-邓祥云.pptx
		..\..\BaiduNetdiskDownload\ABP框架学习：第三课（应用层）-邓祥云.pptx = ..\..\BaiduNetdiskDownload\ABP框架学习：第三课（应用层）-邓祥云.pptx
		..\..\BaiduNetdiskDownload\ABP框架学习：第二课（领域层）-邓祥云.pptx = ..\..\BaiduNetdiskDownload\ABP框架学习：第二课（领域层）-邓祥云.pptx
		..\..\BaiduNetdiskDownload\新产品框架.pptx = ..\..\BaiduNetdiskDownload\新产品框架.pptx
	EndProjectSection
EndProject
Global
	GlobalSection(SolutionConfigurationPlatforms) = preSolution
		Debug|Any CPU = Debug|Any CPU
		Release|Any CPU = Release|Any CPU
	EndGlobalSection
	GlobalSection(ProjectConfigurationPlatforms) = postSolution
		{9B98D378-818A-47A4-90DE-E20821C78DA0}.Debug|Any CPU.ActiveCfg = Debug|Any CPU
		{9B98D378-818A-47A4-90DE-E20821C78DA0}.Debug|Any CPU.Build.0 = Debug|Any CPU
		{9B98D378-818A-47A4-90DE-E20821C78DA0}.Release|Any CPU.ActiveCfg = Release|Any CPU
		{9B98D378-818A-47A4-90DE-E20821C78DA0}.Release|Any CPU.Build.0 = Release|Any CPU
		{E429302E-4BC0-4368-934F-3DB0A149043C}.Debug|Any CPU.ActiveCfg = Debug|Any CPU
		{E429302E-4BC0-4368-934F-3DB0A149043C}.Debug|Any CPU.Build.0 = Debug|Any CPU
		{E429302E-4BC0-4368-934F-3DB0A149043C}.Release|Any CPU.ActiveCfg = Release|Any CPU
		{E429302E-4BC0-4368-934F-3DB0A149043C}.Release|Any CPU.Build.0 = Release|Any CPU
		{E668D757-B7E8-47C4-8B29-8D2708BD47FB}.Debug|Any CPU.ActiveCfg = Debug|Any CPU
		{E668D757-B7E8-47C4-8B29-8D2708BD47FB}.Debug|Any CPU.Build.0 = Debug|Any CPU
		{E668D757-B7E8-47C4-8B29-8D2708BD47FB}.Release|Any CPU.ActiveCfg = Release|Any CPU
		{E668D757-B7E8-47C4-8B29-8D2708BD47FB}.Release|Any CPU.Build.0 = Release|Any CPU
		{CDD5261F-828A-4F66-9613-64376F3C9CD4}.Debug|Any CPU.ActiveCfg = Debug|Any CPU
		{CDD5261F-828A-4F66-9613-64376F3C9CD4}.Debug|Any CPU.Build.0 = Debug|Any CPU
		{CDD5261F-828A-4F66-9613-64376F3C9CD4}.Release|Any CPU.ActiveCfg = Release|Any CPU
		{CDD5261F-828A-4F66-9613-64376F3C9CD4}.Release|Any CPU.Build.0 = Release|Any CPU
		{A4DF3C49-684E-4841-B16D-BF1B3DAB6234}.Debug|Any CPU.ActiveCfg = Debug|Any CPU
		{A4DF3C49-684E-4841-B16D-BF1B3DAB6234}.Debug|Any CPU.Build.0 = Debug|Any CPU
		{A4DF3C49-684E-4841-B16D-BF1B3DAB6234}.Release|Any CPU.ActiveCfg = Release|Any CPU
		{A4DF3C49-684E-4841-B16D-BF1B3DAB6234}.Release|Any CPU.Build.0 = Release|Any CPU
		{7FC11BFC-D1C9-4424-8D02-B4B62390DCA2}.Debug|Any CPU.ActiveCfg = Debug|Any CPU
		{7FC11BFC-D1C9-4424-8D02-B4B62390DCA2}.Debug|Any CPU.Build.0 = Debug|Any CPU
		{7FC11BFC-D1C9-4424-8D02-B4B62390DCA2}.Release|Any CPU.ActiveCfg = Release|Any CPU
		{7FC11BFC-D1C9-4424-8D02-B4B62390DCA2}.Release|Any CPU.Build.0 = Release|Any CPU
		{C6B9FF2C-1B55-4782-8761-96C373A77E39}.Debug|Any CPU.ActiveCfg = Debug|Any CPU
		{C6B9FF2C-1B55-4782-8761-96C373A77E39}.Debug|Any CPU.Build.0 = Debug|Any CPU
		{C6B9FF2C-1B55-4782-8761-96C373A77E39}.Release|Any CPU.ActiveCfg = Release|Any CPU
		{C6B9FF2C-1B55-4782-8761-96C373A77E39}.Release|Any CPU.Build.0 = Release|Any CPU
		{7191B07B-3EC7-4B8F-881F-4ABAEE6F21B5}.Debug|Any CPU.ActiveCfg = Debug|Any CPU
		{7191B07B-3EC7-4B8F-881F-4ABAEE6F21B5}.Debug|Any CPU.Build.0 = Debug|Any CPU
		{7191B07B-3EC7-4B8F-881F-4ABAEE6F21B5}.Release|Any CPU.ActiveCfg = Release|Any CPU
		{7191B07B-3EC7-4B8F-881F-4ABAEE6F21B5}.Release|Any CPU.Build.0 = Release|Any CPU
		{57288DB0-2518-4852-8F91-72289A1918EB}.Debug|Any CPU.ActiveCfg = Debug|Any CPU
		{57288DB0-2518-4852-8F91-72289A1918EB}.Debug|Any CPU.Build.0 = Debug|Any CPU
		{57288DB0-2518-4852-8F91-72289A1918EB}.Release|Any CPU.ActiveCfg = Release|Any CPU
		{57288DB0-2518-4852-8F91-72289A1918EB}.Release|Any CPU.Build.0 = Release|Any CPU
		{FD38C79A-669E-4C83-AB03-72D1968ED14D}.Debug|Any CPU.ActiveCfg = Debug|Any CPU
		{FD38C79A-669E-4C83-AB03-72D1968ED14D}.Debug|Any CPU.Build.0 = Debug|Any CPU
		{FD38C79A-669E-4C83-AB03-72D1968ED14D}.Release|Any CPU.ActiveCfg = Release|Any CPU
		{FD38C79A-669E-4C83-AB03-72D1968ED14D}.Release|Any CPU.Build.0 = Release|Any CPU
		{8C0AB162-037D-4724-B5F2-6B93D5A80722}.Debug|Any CPU.ActiveCfg = Debug|Any CPU
		{8C0AB162-037D-4724-B5F2-6B93D5A80722}.Debug|Any CPU.Build.0 = Debug|Any CPU
		{8C0AB162-037D-4724-B5F2-6B93D5A80722}.Release|Any CPU.ActiveCfg = Release|Any CPU
		{8C0AB162-037D-4724-B5F2-6B93D5A80722}.Release|Any CPU.Build.0 = Release|Any CPU
		{23724795-C3C7-4892-BCD8-2409FF736704}.Debug|Any CPU.ActiveCfg = Debug|Any CPU
		{23724795-C3C7-4892-BCD8-2409FF736704}.Debug|Any CPU.Build.0 = Debug|Any CPU
		{23724795-C3C7-4892-BCD8-2409FF736704}.Release|Any CPU.ActiveCfg = Release|Any CPU
		{23724795-C3C7-4892-BCD8-2409FF736704}.Release|Any CPU.Build.0 = Release|Any CPU
		{DA3340DE-E9E0-4580-B257-2BB6D87672C2}.Debug|Any CPU.ActiveCfg = Debug|Any CPU
		{DA3340DE-E9E0-4580-B257-2BB6D87672C2}.Debug|Any CPU.Build.0 = Debug|Any CPU
		{DA3340DE-E9E0-4580-B257-2BB6D87672C2}.Release|Any CPU.ActiveCfg = Release|Any CPU
		{DA3340DE-E9E0-4580-B257-2BB6D87672C2}.Release|Any CPU.Build.0 = Release|Any CPU
		{4A8FB884-205C-43D1-8470-D812B7584946}.Debug|Any CPU.ActiveCfg = Debug|Any CPU
		{4A8FB884-205C-43D1-8470-D812B7584946}.Debug|Any CPU.Build.0 = Debug|Any CPU
		{4A8FB884-205C-43D1-8470-D812B7584946}.Release|Any CPU.ActiveCfg = Release|Any CPU
		{4A8FB884-205C-43D1-8470-D812B7584946}.Release|Any CPU.Build.0 = Release|Any CPU
		{DC3E44A2-67FE-4431-BF26-2F78F5A3D9A7}.Debug|Any CPU.ActiveCfg = Debug|Any CPU
		{DC3E44A2-67FE-4431-BF26-2F78F5A3D9A7}.Debug|Any CPU.Build.0 = Debug|Any CPU
		{DC3E44A2-67FE-4431-BF26-2F78F5A3D9A7}.Release|Any CPU.ActiveCfg = Release|Any CPU
		{DC3E44A2-67FE-4431-BF26-2F78F5A3D9A7}.Release|Any CPU.Build.0 = Release|Any CPU
		{75891CA9-B271-4E75-8F58-5DEAB9FFAC44}.Debug|Any CPU.ActiveCfg = Debug|Any CPU
		{75891CA9-B271-4E75-8F58-5DEAB9FFAC44}.Debug|Any CPU.Build.0 = Debug|Any CPU
		{75891CA9-B271-4E75-8F58-5DEAB9FFAC44}.Release|Any CPU.ActiveCfg = Release|Any CPU
		{75891CA9-B271-4E75-8F58-5DEAB9FFAC44}.Release|Any CPU.Build.0 = Release|Any CPU
		{E6A535A3-20E1-4E7C-A5DB-CF04AFC82A9B}.Debug|Any CPU.ActiveCfg = Debug|Any CPU
		{E6A535A3-20E1-4E7C-A5DB-CF04AFC82A9B}.Debug|Any CPU.Build.0 = Debug|Any CPU
		{E6A535A3-20E1-4E7C-A5DB-CF04AFC82A9B}.Release|Any CPU.ActiveCfg = Release|Any CPU
		{E6A535A3-20E1-4E7C-A5DB-CF04AFC82A9B}.Release|Any CPU.Build.0 = Release|Any CPU
		{B68846ED-52D4-4F61-AA5F-CE9BED5C499D}.Debug|Any CPU.ActiveCfg = Debug|Any CPU
		{B68846ED-52D4-4F61-AA5F-CE9BED5C499D}.Debug|Any CPU.Build.0 = Debug|Any CPU
		{B68846ED-52D4-4F61-AA5F-CE9BED5C499D}.Release|Any CPU.ActiveCfg = Release|Any CPU
		{B68846ED-52D4-4F61-AA5F-CE9BED5C499D}.Release|Any CPU.Build.0 = Release|Any CPU
		{58F52F88-ED4F-49C5-B420-AD9767DB3413}.Debug|Any CPU.ActiveCfg = Debug|Any CPU
		{58F52F88-ED4F-49C5-B420-AD9767DB3413}.Debug|Any CPU.Build.0 = Debug|Any CPU
		{58F52F88-ED4F-49C5-B420-AD9767DB3413}.Release|Any CPU.ActiveCfg = Release|Any CPU
		{58F52F88-ED4F-49C5-B420-AD9767DB3413}.Release|Any CPU.Build.0 = Release|Any CPU
		{6810580A-BEB0-4EC5-8B5D-8A72753FB760}.Debug|Any CPU.ActiveCfg = Debug|Any CPU
		{6810580A-BEB0-4EC5-8B5D-8A72753FB760}.Debug|Any CPU.Build.0 = Debug|Any CPU
		{6810580A-BEB0-4EC5-8B5D-8A72753FB760}.Release|Any CPU.ActiveCfg = Release|Any CPU
		{6810580A-BEB0-4EC5-8B5D-8A72753FB760}.Release|Any CPU.Build.0 = Release|Any CPU
		{71A606F8-B43A-4C18-81C5-7D5FFEE8CDDD}.Debug|Any CPU.ActiveCfg = Debug|Any CPU
		{71A606F8-B43A-4C18-81C5-7D5FFEE8CDDD}.Debug|Any CPU.Build.0 = Debug|Any CPU
		{71A606F8-B43A-4C18-81C5-7D5FFEE8CDDD}.Release|Any CPU.ActiveCfg = Release|Any CPU
		{71A606F8-B43A-4C18-81C5-7D5FFEE8CDDD}.Release|Any CPU.Build.0 = Release|Any CPU
		{7E8AE6BC-9EC7-48CF-BEEA-A118D2D6C8D0}.Debug|Any CPU.ActiveCfg = Debug|Any CPU
		{7E8AE6BC-9EC7-48CF-BEEA-A118D2D6C8D0}.Debug|Any CPU.Build.0 = Debug|Any CPU
		{7E8AE6BC-9EC7-48CF-BEEA-A118D2D6C8D0}.Release|Any CPU.ActiveCfg = Release|Any CPU
		{7E8AE6BC-9EC7-48CF-BEEA-A118D2D6C8D0}.Release|Any CPU.Build.0 = Release|Any CPU
		{2022E920-BC62-4DBC-A368-9631C3C84989}.Debug|Any CPU.ActiveCfg = Debug|Any CPU
		{2022E920-BC62-4DBC-A368-9631C3C84989}.Debug|Any CPU.Build.0 = Debug|Any CPU
		{2022E920-BC62-4DBC-A368-9631C3C84989}.Release|Any CPU.ActiveCfg = Release|Any CPU
		{2022E920-BC62-4DBC-A368-9631C3C84989}.Release|Any CPU.Build.0 = Release|Any CPU
		{1C5CC774-34EF-4ED3-A82F-2CA7D46D9845}.Debug|Any CPU.ActiveCfg = Debug|Any CPU
		{1C5CC774-34EF-4ED3-A82F-2CA7D46D9845}.Debug|Any CPU.Build.0 = Debug|Any CPU
		{1C5CC774-34EF-4ED3-A82F-2CA7D46D9845}.Release|Any CPU.ActiveCfg = Release|Any CPU
		{1C5CC774-34EF-4ED3-A82F-2CA7D46D9845}.Release|Any CPU.Build.0 = Release|Any CPU
		{04836B48-8D50-4DB4-A834-FCB5B3720660}.Debug|Any CPU.ActiveCfg = Debug|Any CPU
		{04836B48-8D50-4DB4-A834-FCB5B3720660}.Debug|Any CPU.Build.0 = Debug|Any CPU
		{04836B48-8D50-4DB4-A834-FCB5B3720660}.Release|Any CPU.ActiveCfg = Release|Any CPU
		{04836B48-8D50-4DB4-A834-FCB5B3720660}.Release|Any CPU.Build.0 = Release|Any CPU
	EndGlobalSection
	GlobalSection(SolutionProperties) = preSolution
		HideSolutionNode = FALSE
	EndGlobalSection
	GlobalSection(NestedProjects) = preSolution
		{9B98D378-818A-47A4-90DE-E20821C78DA0} = {9F674A65-FDDA-43AD-BA95-3D8D0F8AC6D5}
		{E429302E-4BC0-4368-934F-3DB0A149043C} = {F8F45486-08EC-413C-BA07-89F71AE7B455}
		{E668D757-B7E8-47C4-8B29-8D2708BD47FB} = {42D3B32F-12C3-4F70-902B-BF7F092C6FD5}
		{CDD5261F-828A-4F66-9613-64376F3C9CD4} = {42D3B32F-12C3-4F70-902B-BF7F092C6FD5}
		{A4DF3C49-684E-4841-B16D-BF1B3DAB6234} = {29C6666B-3F95-456A-BF64-93F17B715434}
		{7FC11BFC-D1C9-4424-8D02-B4B62390DCA2} = {29C6666B-3F95-456A-BF64-93F17B715434}
		{C6B9FF2C-1B55-4782-8761-96C373A77E39} = {29C6666B-3F95-456A-BF64-93F17B715434}
		{7191B07B-3EC7-4B8F-881F-4ABAEE6F21B5} = {F8F45486-08EC-413C-BA07-89F71AE7B455}
		{57288DB0-2518-4852-8F91-72289A1918EB} = {9FC1F21E-06BE-4BFB-A386-E8D649E9821F}
		{FD38C79A-669E-4C83-AB03-72D1968ED14D} = {9FC1F21E-06BE-4BFB-A386-E8D649E9821F}
		{8C0AB162-037D-4724-B5F2-6B93D5A80722} = {3BB8002B-F291-4A81-ACBF-2DF8E5C593BE}
		{23724795-C3C7-4892-BCD8-2409FF736704} = {004BFA3F-D817-44DD-8EB5-C084949033E7}
		{DA3340DE-E9E0-4580-B257-2BB6D87672C2} = {B1D82AFD-A4E1-408E-A552-0F90A61A4035}
		{4A8FB884-205C-43D1-8470-D812B7584946} = {F8F45486-08EC-413C-BA07-89F71AE7B455}
		{DC3E44A2-67FE-4431-BF26-2F78F5A3D9A7} = {87383C15-BD5D-46D9-813D-400FDF20F093}
		{75891CA9-B271-4E75-8F58-5DEAB9FFAC44} = {B1D82AFD-A4E1-408E-A552-0F90A61A4035}
		{E6A535A3-20E1-4E7C-A5DB-CF04AFC82A9B} = {3BB8002B-F291-4A81-ACBF-2DF8E5C593BE}
		{B68846ED-52D4-4F61-AA5F-CE9BED5C499D} = {3BB8002B-F291-4A81-ACBF-2DF8E5C593BE}
		{58F52F88-ED4F-49C5-B420-AD9767DB3413} = {9F674A65-FDDA-43AD-BA95-3D8D0F8AC6D5}
		{6810580A-BEB0-4EC5-8B5D-8A72753FB760} = {9F674A65-FDDA-43AD-BA95-3D8D0F8AC6D5}
		{71A606F8-B43A-4C18-81C5-7D5FFEE8CDDD} = {9F674A65-FDDA-43AD-BA95-3D8D0F8AC6D5}
		{7E8AE6BC-9EC7-48CF-BEEA-A118D2D6C8D0} = {FE3BFA4E-12F3-4E06-9E7E-A2A29FE36CE3}
		{2022E920-BC62-4DBC-A368-9631C3C84989} = {FE3BFA4E-12F3-4E06-9E7E-A2A29FE36CE3}
		{1C5CC774-34EF-4ED3-A82F-2CA7D46D9845} = {FE3BFA4E-12F3-4E06-9E7E-A2A29FE36CE3}
		{04836B48-8D50-4DB4-A834-FCB5B3720660} = {FE3BFA4E-12F3-4E06-9E7E-A2A29FE36CE3}
		{3E4E8BD8-0CBF-4CDF-8A55-CA879AF32427} = {004BFA3F-D817-44DD-8EB5-C084949033E7}
	EndGlobalSection
	GlobalSection(ExtensibilityGlobals) = postSolution
		SolutionGuid = {D38A9259-956E-4952-967E-3B6B7D9A3F1C}
	EndGlobalSection
EndGlobal
