
Microsoft Visual Studio Solution File, Format Version 12.00
# Visual Studio Version 16
VisualStudioVersion = 16.0.29509.3
MinimumVisualStudioVersion = 10.0.40219.1
Project("{2150E333-8FDC-42A3-9474-1A3956D46DE8}") = "DotNetCore", "DotNetCore", "{9F674A65-FDDA-43AD-BA95-3D8D0F8AC6D5}"
EndProject
Project("{2150E333-8FDC-42A3-9474-1A3956D46DE8}") = "log", "log", "{F8F45486-08EC-413C-BA07-89F71AE7B455}"
EndProject
Project("{2150E333-8FDC-42A3-9474-1A3956D46DE8}") = "SkyWalking", "SkyWalking", "{9FC1F21E-06BE-4BFB-A386-E8D649E9821F}"
EndProject
Project("{2150E333-8FDC-42A3-9474-1A3956D46DE8}") = "ABP", "ABP", "{004BFA3F-D817-44DD-8EB5-C084949033E7}"
EndProject
Project("{2150E333-8FDC-42A3-9474-1A3956D46DE8}") = "hangfire", "hangfire", "{3BB8002B-F291-4A81-ACBF-2DF8E5C593BE}"
EndProject
Project("{2150E333-8FDC-42A3-9474-1A3956D46DE8}") = "Base", "Base", "{B1D82AFD-A4E1-408E-A552-0F90A61A4035}"
EndProject
Project("{2150E333-8FDC-42A3-9474-1A3956D46DE8}") = "IdentityServer4", "IdentityServer4", "{FE3BFA4E-12F3-4E06-9E7E-A2A29FE36CE3}"
EndProject
Project("{2150E333-8FDC-42A3-9474-1A3956D46DE8}") = "k8s和docker", "k8s和docker", "{F97870AA-7E0E-4730-8BF4-077C401DC25D}"
EndProject
Project("{2150E333-8FDC-42A3-9474-1A3956D46DE8}") = "前端", "前端", "{650E96E9-BA77-464B-B141-0FEB04859847}"
EndProject
Project("{2150E333-8FDC-42A3-9474-1A3956D46DE8}") = "网关", "网关", "{89E8D546-A459-49B4-8C6C-EEB22F8BDA9F}"
EndProject
Project("{2150E333-8FDC-42A3-9474-1A3956D46DE8}") = "微服务", "微服务", "{1199B15A-E8B8-465E-8DCC-B81A4273563F}"
EndProject
Project("{2150E333-8FDC-42A3-9474-1A3956D46DE8}") = "规范管理", "规范管理", "{B3F924A1-71F0-4AA1-8E12-DCD4337F9463}"
EndProject
Project("{2150E333-8FDC-42A3-9474-1A3956D46DE8}") = "自动化部署", "自动化部署", "{18F9B3A0-A8C6-4C3E-B37D-E7A3CAFCDF91}"
EndProject
Project("{2150E333-8FDC-42A3-9474-1A3956D46DE8}") = "队列", "队列", "{C11ACC55-7BAB-4DF9-8F31-3DCA68FB20B8}"
EndProject
Project("{2150E333-8FDC-42A3-9474-1A3956D46DE8}") = "设计模式", "设计模式", "{4B1358FB-31DD-45BB-AC45-04B0A5CDAE11}"
EndProject
Project("{2150E333-8FDC-42A3-9474-1A3956D46DE8}") = "多线程", "多线程", "{FAC568E7-37C1-4E8D-9978-9C59DA97D2B1}"
EndProject
Project("{2150E333-8FDC-42A3-9474-1A3956D46DE8}") = "nosql", "nosql", "{2BC923BA-4AA5-4293-A85E-723276BE3083}"
EndProject
Project("{2150E333-8FDC-42A3-9474-1A3956D46DE8}") = "orm", "orm", "{39E03630-CB81-4707-83AA-CBC3553CFCCE}"
EndProject
Project("{2150E333-8FDC-42A3-9474-1A3956D46DE8}") = "数据库优化", "数据库优化", "{ED172346-5654-4C15-A565-D6B82B4E01F1}"
EndProject
Project("{2150E333-8FDC-42A3-9474-1A3956D46DE8}") = "分表分库", "分表分库", "{B246A27D-9DDA-4567-8ACD-420D820EC4AF}"
EndProject
Project("{2150E333-8FDC-42A3-9474-1A3956D46DE8}") = "linux", "linux", "{6B11E4A3-F490-4450-80FC-C68DDFA9D319}"
EndProject
Project("{2150E333-8FDC-42A3-9474-1A3956D46DE8}") = "大数据", "大数据", "{B5032E1A-0DDD-4C87-91C9-87972A728B39}"
EndProject
Project("{2150E333-8FDC-42A3-9474-1A3956D46DE8}") = "文档", "文档", "{98AE9104-7B9B-4CB2-952B-038CF9A997B0}"
EndProject
Project("{2150E333-8FDC-42A3-9474-1A3956D46DE8}") = "Solution Items", "Solution Items", "{1F3D8379-D5ED-4FB9-A7A5-1CE560C9F8EA}"
	ProjectSection(SolutionItems) = preProject
		README.md = README.md
	EndProjectSection
EndProject
Project("{9A19103F-16F7-4668-BE54-9A1E7A4F7556}") = "abpexceptionless", "abp\abpexceptionless\abpexceptionless.csproj", "{80EEDCE8-F83C-4BEF-8E7E-1E0DD53AA77E}"
EndProject
Project("{9A19103F-16F7-4668-BE54-9A1E7A4F7556}") = "abphangfireJob", "abp\abphangfireJob\abphangfireJob.csproj", "{CCB51914-800A-4099-A351-9BA0F21E6825}"
EndProject
Project("{9A19103F-16F7-4668-BE54-9A1E7A4F7556}") = "AbpWeb.Demo", "abp\AbpWeb.Demo\AbpWeb.Demo.csproj", "{41A1BE7A-3E2A-4AEE-BF17-C7A7E4909BC3}"
EndProject
Project("{9A19103F-16F7-4668-BE54-9A1E7A4F7556}") = "SkyWalkingA", "SkyWalking\SkyWalkingA\SkyWalkingA.csproj", "{E0C7BAB7-1722-4DB1-B6D9-E43E00F0EFFC}"
EndProject
Project("{9A19103F-16F7-4668-BE54-9A1E7A4F7556}") = "SkyWalkingB", "SkyWalking\SkyWalkingB\SkyWalkingB.csproj", "{5D10E2B3-C15B-4E49-AED3-9B3372CD8BCF}"
EndProject
Project("{9A19103F-16F7-4668-BE54-9A1E7A4F7556}") = "Exceptionless.Demo2.2", "log\Exceptionless.Demo2.2\Exceptionless.Demo2.2.csproj", "{FFF2B657-3801-44D0-9A1D-93375EB1C03D}"
EndProject
Project("{9A19103F-16F7-4668-BE54-9A1E7A4F7556}") = "Exceptionless.NLog.Demo", "log\Exceptionless.NLog.Demo\Exceptionless.NLog.Demo.csproj", "{1E0D830A-5E32-4079-B1A4-57235D5D3639}"
EndProject
Project("{FAE04EC0-301F-11D3-BF4B-00C04F79EFBC}") = "webElmah.demo", "log\webElmah.demo\webElmah.demo.csproj", "{7191B07B-3EC7-4B8F-881F-4ABAEE6F21B5}"
EndProject
Project("{9A19103F-16F7-4668-BE54-9A1E7A4F7556}") = "ApiClient", "IdentityServer4\ApiClient\ApiClient.csproj", "{94AB46B0-1C9A-422D-A0A9-C5809761ECD6}"
EndProject
Project("{9A19103F-16F7-4668-BE54-9A1E7A4F7556}") = "IdentityServer4test", "IdentityServer4\IdentityServer4test\IdentityServer4test.csproj", "{A44AE899-4C28-4FB2-B9C9-A3A6843F3AA0}"
EndProject
Project("{9A19103F-16F7-4668-BE54-9A1E7A4F7556}") = "test", "IdentityServer4\test\test.csproj", "{B968D24F-EB94-439D-A20D-9461BAF15A08}"
EndProject
Project("{9A19103F-16F7-4668-BE54-9A1E7A4F7556}") = "hangfire.demo", "hangfire\hangfire.demo\hangfire.demo.csproj", "{6FF4949F-21B8-4E73-AA16-30F027EAF270}"
EndProject
Project("{9A19103F-16F7-4668-BE54-9A1E7A4F7556}") = "conan.core", "Base\conan.core\conan.core.csproj", "{B1A62BF2-6705-41A0-AEFF-3F1C69CAA60B}"
EndProject
Project("{9A19103F-16F7-4668-BE54-9A1E7A4F7556}") = "TestService", "Base\TestService\TestService.csproj", "{4FE47561-F87E-4ABB-BE4F-5BAA44634158}"
EndProject
Project("{9A19103F-16F7-4668-BE54-9A1E7A4F7556}") = "mvc.filter", "DotNetCore\mvc.filter\mvc.filter.csproj", "{79304EDA-7986-46B6-9DC9-C31F64544450}"
EndProject
Project("{9A19103F-16F7-4668-BE54-9A1E7A4F7556}") = "web.api", "DotNetCore\web.api\web.api.csproj", "{602E88BE-F226-4FB3-8F11-24FDFBC7D8BF}"
EndProject
Project("{9A19103F-16F7-4668-BE54-9A1E7A4F7556}") = "web.HealthCheck.demo", "DotNetCore\web.HealthCheck.demo\web.HealthCheck.demo.csproj", "{1359B763-151C-43F8-8DA9-3698C16CC507}"
EndProject
Project("{9A19103F-16F7-4668-BE54-9A1E7A4F7556}") = "weblogin", "DotNetCore\weblogin\weblogin.csproj", "{6008820D-4ECD-43A0-86BC-CBF2FBC9EDB7}"
EndProject
Project("{9A19103F-16F7-4668-BE54-9A1E7A4F7556}") = "WebToWinService", "DotNetCore\WebToWinService\WebToWinService.csproj", "{4D33428F-2B41-4803-AFEE-D60206D9333B}"
EndProject
Global
	GlobalSection(SolutionConfigurationPlatforms) = preSolution
		Debug|Any CPU = Debug|Any CPU
		Release|Any CPU = Release|Any CPU
	EndGlobalSection
	GlobalSection(ProjectConfigurationPlatforms) = postSolution
		{80EEDCE8-F83C-4BEF-8E7E-1E0DD53AA77E}.Debug|Any CPU.ActiveCfg = Debug|Any CPU
		{80EEDCE8-F83C-4BEF-8E7E-1E0DD53AA77E}.Debug|Any CPU.Build.0 = Debug|Any CPU
		{80EEDCE8-F83C-4BEF-8E7E-1E0DD53AA77E}.Release|Any CPU.ActiveCfg = Release|Any CPU
		{80EEDCE8-F83C-4BEF-8E7E-1E0DD53AA77E}.Release|Any CPU.Build.0 = Release|Any CPU
		{CCB51914-800A-4099-A351-9BA0F21E6825}.Debug|Any CPU.ActiveCfg = Debug|Any CPU
		{CCB51914-800A-4099-A351-9BA0F21E6825}.Debug|Any CPU.Build.0 = Debug|Any CPU
		{CCB51914-800A-4099-A351-9BA0F21E6825}.Release|Any CPU.ActiveCfg = Release|Any CPU
		{CCB51914-800A-4099-A351-9BA0F21E6825}.Release|Any CPU.Build.0 = Release|Any CPU
		{41A1BE7A-3E2A-4AEE-BF17-C7A7E4909BC3}.Debug|Any CPU.ActiveCfg = Debug|Any CPU
		{41A1BE7A-3E2A-4AEE-BF17-C7A7E4909BC3}.Debug|Any CPU.Build.0 = Debug|Any CPU
		{41A1BE7A-3E2A-4AEE-BF17-C7A7E4909BC3}.Release|Any CPU.ActiveCfg = Release|Any CPU
		{41A1BE7A-3E2A-4AEE-BF17-C7A7E4909BC3}.Release|Any CPU.Build.0 = Release|Any CPU
		{E0C7BAB7-1722-4DB1-B6D9-E43E00F0EFFC}.Debug|Any CPU.ActiveCfg = Debug|Any CPU
		{E0C7BAB7-1722-4DB1-B6D9-E43E00F0EFFC}.Debug|Any CPU.Build.0 = Debug|Any CPU
		{E0C7BAB7-1722-4DB1-B6D9-E43E00F0EFFC}.Release|Any CPU.ActiveCfg = Release|Any CPU
		{E0C7BAB7-1722-4DB1-B6D9-E43E00F0EFFC}.Release|Any CPU.Build.0 = Release|Any CPU
		{5D10E2B3-C15B-4E49-AED3-9B3372CD8BCF}.Debug|Any CPU.ActiveCfg = Debug|Any CPU
		{5D10E2B3-C15B-4E49-AED3-9B3372CD8BCF}.Debug|Any CPU.Build.0 = Debug|Any CPU
		{5D10E2B3-C15B-4E49-AED3-9B3372CD8BCF}.Release|Any CPU.ActiveCfg = Release|Any CPU
		{5D10E2B3-C15B-4E49-AED3-9B3372CD8BCF}.Release|Any CPU.Build.0 = Release|Any CPU
		{FFF2B657-3801-44D0-9A1D-93375EB1C03D}.Debug|Any CPU.ActiveCfg = Debug|Any CPU
		{FFF2B657-3801-44D0-9A1D-93375EB1C03D}.Debug|Any CPU.Build.0 = Debug|Any CPU
		{FFF2B657-3801-44D0-9A1D-93375EB1C03D}.Release|Any CPU.ActiveCfg = Release|Any CPU
		{FFF2B657-3801-44D0-9A1D-93375EB1C03D}.Release|Any CPU.Build.0 = Release|Any CPU
		{1E0D830A-5E32-4079-B1A4-57235D5D3639}.Debug|Any CPU.ActiveCfg = Debug|Any CPU
		{1E0D830A-5E32-4079-B1A4-57235D5D3639}.Debug|Any CPU.Build.0 = Debug|Any CPU
		{1E0D830A-5E32-4079-B1A4-57235D5D3639}.Release|Any CPU.ActiveCfg = Release|Any CPU
		{1E0D830A-5E32-4079-B1A4-57235D5D3639}.Release|Any CPU.Build.0 = Release|Any CPU
		{7191B07B-3EC7-4B8F-881F-4ABAEE6F21B5}.Debug|Any CPU.ActiveCfg = Debug|Any CPU
		{7191B07B-3EC7-4B8F-881F-4ABAEE6F21B5}.Debug|Any CPU.Build.0 = Debug|Any CPU
		{7191B07B-3EC7-4B8F-881F-4ABAEE6F21B5}.Release|Any CPU.ActiveCfg = Release|Any CPU
		{7191B07B-3EC7-4B8F-881F-4ABAEE6F21B5}.Release|Any CPU.Build.0 = Release|Any CPU
		{94AB46B0-1C9A-422D-A0A9-C5809761ECD6}.Debug|Any CPU.ActiveCfg = Debug|Any CPU
		{94AB46B0-1C9A-422D-A0A9-C5809761ECD6}.Debug|Any CPU.Build.0 = Debug|Any CPU
		{94AB46B0-1C9A-422D-A0A9-C5809761ECD6}.Release|Any CPU.ActiveCfg = Release|Any CPU
		{94AB46B0-1C9A-422D-A0A9-C5809761ECD6}.Release|Any CPU.Build.0 = Release|Any CPU
		{A44AE899-4C28-4FB2-B9C9-A3A6843F3AA0}.Debug|Any CPU.ActiveCfg = Debug|Any CPU
		{A44AE899-4C28-4FB2-B9C9-A3A6843F3AA0}.Debug|Any CPU.Build.0 = Debug|Any CPU
		{A44AE899-4C28-4FB2-B9C9-A3A6843F3AA0}.Release|Any CPU.ActiveCfg = Release|Any CPU
		{A44AE899-4C28-4FB2-B9C9-A3A6843F3AA0}.Release|Any CPU.Build.0 = Release|Any CPU
		{B968D24F-EB94-439D-A20D-9461BAF15A08}.Debug|Any CPU.ActiveCfg = Debug|Any CPU
		{B968D24F-EB94-439D-A20D-9461BAF15A08}.Debug|Any CPU.Build.0 = Debug|Any CPU
		{B968D24F-EB94-439D-A20D-9461BAF15A08}.Release|Any CPU.ActiveCfg = Release|Any CPU
		{B968D24F-EB94-439D-A20D-9461BAF15A08}.Release|Any CPU.Build.0 = Release|Any CPU
		{6FF4949F-21B8-4E73-AA16-30F027EAF270}.Debug|Any CPU.ActiveCfg = Debug|Any CPU
		{6FF4949F-21B8-4E73-AA16-30F027EAF270}.Debug|Any CPU.Build.0 = Debug|Any CPU
		{6FF4949F-21B8-4E73-AA16-30F027EAF270}.Release|Any CPU.ActiveCfg = Release|Any CPU
		{6FF4949F-21B8-4E73-AA16-30F027EAF270}.Release|Any CPU.Build.0 = Release|Any CPU
		{B1A62BF2-6705-41A0-AEFF-3F1C69CAA60B}.Debug|Any CPU.ActiveCfg = Debug|Any CPU
		{B1A62BF2-6705-41A0-AEFF-3F1C69CAA60B}.Debug|Any CPU.Build.0 = Debug|Any CPU
		{B1A62BF2-6705-41A0-AEFF-3F1C69CAA60B}.Release|Any CPU.ActiveCfg = Release|Any CPU
		{B1A62BF2-6705-41A0-AEFF-3F1C69CAA60B}.Release|Any CPU.Build.0 = Release|Any CPU
		{4FE47561-F87E-4ABB-BE4F-5BAA44634158}.Debug|Any CPU.ActiveCfg = Debug|Any CPU
		{4FE47561-F87E-4ABB-BE4F-5BAA44634158}.Debug|Any CPU.Build.0 = Debug|Any CPU
		{4FE47561-F87E-4ABB-BE4F-5BAA44634158}.Release|Any CPU.ActiveCfg = Release|Any CPU
		{4FE47561-F87E-4ABB-BE4F-5BAA44634158}.Release|Any CPU.Build.0 = Release|Any CPU
		{79304EDA-7986-46B6-9DC9-C31F64544450}.Debug|Any CPU.ActiveCfg = Debug|Any CPU
		{79304EDA-7986-46B6-9DC9-C31F64544450}.Debug|Any CPU.Build.0 = Debug|Any CPU
		{79304EDA-7986-46B6-9DC9-C31F64544450}.Release|Any CPU.ActiveCfg = Release|Any CPU
		{79304EDA-7986-46B6-9DC9-C31F64544450}.Release|Any CPU.Build.0 = Release|Any CPU
		{602E88BE-F226-4FB3-8F11-24FDFBC7D8BF}.Debug|Any CPU.ActiveCfg = Debug|Any CPU
		{602E88BE-F226-4FB3-8F11-24FDFBC7D8BF}.Debug|Any CPU.Build.0 = Debug|Any CPU
		{602E88BE-F226-4FB3-8F11-24FDFBC7D8BF}.Release|Any CPU.ActiveCfg = Release|Any CPU
		{602E88BE-F226-4FB3-8F11-24FDFBC7D8BF}.Release|Any CPU.Build.0 = Release|Any CPU
		{1359B763-151C-43F8-8DA9-3698C16CC507}.Debug|Any CPU.ActiveCfg = Debug|Any CPU
		{1359B763-151C-43F8-8DA9-3698C16CC507}.Debug|Any CPU.Build.0 = Debug|Any CPU
		{1359B763-151C-43F8-8DA9-3698C16CC507}.Release|Any CPU.ActiveCfg = Release|Any CPU
		{1359B763-151C-43F8-8DA9-3698C16CC507}.Release|Any CPU.Build.0 = Release|Any CPU
		{6008820D-4ECD-43A0-86BC-CBF2FBC9EDB7}.Debug|Any CPU.ActiveCfg = Debug|Any CPU
		{6008820D-4ECD-43A0-86BC-CBF2FBC9EDB7}.Debug|Any CPU.Build.0 = Debug|Any CPU
		{6008820D-4ECD-43A0-86BC-CBF2FBC9EDB7}.Release|Any CPU.ActiveCfg = Release|Any CPU
		{6008820D-4ECD-43A0-86BC-CBF2FBC9EDB7}.Release|Any CPU.Build.0 = Release|Any CPU
		{4D33428F-2B41-4803-AFEE-D60206D9333B}.Debug|Any CPU.ActiveCfg = Debug|Any CPU
		{4D33428F-2B41-4803-AFEE-D60206D9333B}.Debug|Any CPU.Build.0 = Debug|Any CPU
		{4D33428F-2B41-4803-AFEE-D60206D9333B}.Release|Any CPU.ActiveCfg = Release|Any CPU
		{4D33428F-2B41-4803-AFEE-D60206D9333B}.Release|Any CPU.Build.0 = Release|Any CPU
	EndGlobalSection
	GlobalSection(SolutionProperties) = preSolution
		HideSolutionNode = FALSE
	EndGlobalSection
	GlobalSection(NestedProjects) = preSolution
		{80EEDCE8-F83C-4BEF-8E7E-1E0DD53AA77E} = {004BFA3F-D817-44DD-8EB5-C084949033E7}
		{CCB51914-800A-4099-A351-9BA0F21E6825} = {004BFA3F-D817-44DD-8EB5-C084949033E7}
		{41A1BE7A-3E2A-4AEE-BF17-C7A7E4909BC3} = {004BFA3F-D817-44DD-8EB5-C084949033E7}
		{E0C7BAB7-1722-4DB1-B6D9-E43E00F0EFFC} = {9FC1F21E-06BE-4BFB-A386-E8D649E9821F}
		{5D10E2B3-C15B-4E49-AED3-9B3372CD8BCF} = {9FC1F21E-06BE-4BFB-A386-E8D649E9821F}
		{FFF2B657-3801-44D0-9A1D-93375EB1C03D} = {F8F45486-08EC-413C-BA07-89F71AE7B455}
		{1E0D830A-5E32-4079-B1A4-57235D5D3639} = {F8F45486-08EC-413C-BA07-89F71AE7B455}
		{7191B07B-3EC7-4B8F-881F-4ABAEE6F21B5} = {F8F45486-08EC-413C-BA07-89F71AE7B455}
		{94AB46B0-1C9A-422D-A0A9-C5809761ECD6} = {FE3BFA4E-12F3-4E06-9E7E-A2A29FE36CE3}
		{A44AE899-4C28-4FB2-B9C9-A3A6843F3AA0} = {FE3BFA4E-12F3-4E06-9E7E-A2A29FE36CE3}
		{B968D24F-EB94-439D-A20D-9461BAF15A08} = {FE3BFA4E-12F3-4E06-9E7E-A2A29FE36CE3}
		{6FF4949F-21B8-4E73-AA16-30F027EAF270} = {3BB8002B-F291-4A81-ACBF-2DF8E5C593BE}
		{B1A62BF2-6705-41A0-AEFF-3F1C69CAA60B} = {B1D82AFD-A4E1-408E-A552-0F90A61A4035}
		{4FE47561-F87E-4ABB-BE4F-5BAA44634158} = {B1D82AFD-A4E1-408E-A552-0F90A61A4035}
		{79304EDA-7986-46B6-9DC9-C31F64544450} = {9F674A65-FDDA-43AD-BA95-3D8D0F8AC6D5}
		{602E88BE-F226-4FB3-8F11-24FDFBC7D8BF} = {9F674A65-FDDA-43AD-BA95-3D8D0F8AC6D5}
		{1359B763-151C-43F8-8DA9-3698C16CC507} = {9F674A65-FDDA-43AD-BA95-3D8D0F8AC6D5}
		{6008820D-4ECD-43A0-86BC-CBF2FBC9EDB7} = {9F674A65-FDDA-43AD-BA95-3D8D0F8AC6D5}
		{4D33428F-2B41-4803-AFEE-D60206D9333B} = {9F674A65-FDDA-43AD-BA95-3D8D0F8AC6D5}
	EndGlobalSection
	GlobalSection(ExtensibilityGlobals) = postSolution
		SolutionGuid = {D38A9259-956E-4952-967E-3B6B7D9A3F1C}
	EndGlobalSection
EndGlobal
