
Microsoft Visual Studio Solution File, Format Version 12.00
# Visual Studio Version 16
VisualStudioVersion = 16.0.29509.3
MinimumVisualStudioVersion = 10.0.40219.1
Project("{9A19103F-16F7-4668-BE54-9A1E7A4F7556}") = "Authorize_FilterAttribute", "WebApplication11\Authorize_FilterAttribute.csproj", "{9B98D378-818A-47A4-90DE-E20821C78DA0}"
EndProject
Project("{9A19103F-16F7-4668-BE54-9A1E7A4F7556}") = "Exceptionless.Net", "Exceptionless.Net\Exceptionless.Net.csproj", "{E429302E-4BC0-4368-934F-3DB0A149043C}"
EndProject
Project("{2150E333-8FDC-42A3-9474-1A3956D46DE8}") = "Authorize", "Authorize", "{9F674A65-FDDA-43AD-BA95-3D8D0F8AC6D5}"
EndProject
Project("{2150E333-8FDC-42A3-9474-1A3956D46DE8}") = "Exceptionless", "Exceptionless", "{F8F45486-08EC-413C-BA07-89F71AE7B455}"
EndProject
Project("{9A19103F-16F7-4668-BE54-9A1E7A4F7556}") = "HttpClientSample", "HttpClientSample\HttpClientSample.csproj", "{E668D757-B7E8-47C4-8B29-8D2708BD47FB}"
EndProject
Project("{9A19103F-16F7-4668-BE54-9A1E7A4F7556}") = "BrokenApi", "BrokenApi\BrokenApi.csproj", "{CDD5261F-828A-4F66-9613-64376F3C9CD4}"
EndProject
Project("{2150E333-8FDC-42A3-9474-1A3956D46DE8}") = "HttpClientfactory", "HttpClientfactory", "{42D3B32F-12C3-4F70-902B-BF7F092C6FD5}"
EndProject
Project("{2150E333-8FDC-42A3-9474-1A3956D46DE8}") = "IdentityServer4", "IdentityServer4", "{3499E01B-94A8-4879-BB33-70893BB6A8B4}"
EndProject
Project("{2150E333-8FDC-42A3-9474-1A3956D46DE8}") = "cap", "cap", "{29C6666B-3F95-456A-BF64-93F17B715434}"
EndProject
Project("{2150E333-8FDC-42A3-9474-1A3956D46DE8}") = "redis", "redis", "{864242A8-AF74-4EDD-9A02-4DCFF7CB0193}"
EndProject
Project("{2150E333-8FDC-42A3-9474-1A3956D46DE8}") = "hangfire", "hangfire", "{F6448D58-4A05-46F3-920F-553EF58858A7}"
EndProject
Project("{9A19103F-16F7-4668-BE54-9A1E7A4F7556}") = "WebApplication1", "cap\WebApplication1\WebApplication1.csproj", "{A4DF3C49-684E-4841-B16D-BF1B3DAB6234}"
EndProject
Project("{9A19103F-16F7-4668-BE54-9A1E7A4F7556}") = "ConsoleApp1", "cap\ConsoleApp1\ConsoleApp1.csproj", "{7FC11BFC-D1C9-4424-8D02-B4B62390DCA2}"
EndProject
Project("{9A19103F-16F7-4668-BE54-9A1E7A4F7556}") = "Sample.RabbitMQ.MySql", "cap\samples\Sample.RabbitMQ.MySql\Sample.RabbitMQ.MySql.csproj", "{C6B9FF2C-1B55-4782-8761-96C373A77E39}"
EndProject
Project("{2150E333-8FDC-42A3-9474-1A3956D46DE8}") = "Elmah", "Elmah", "{675BB375-064A-4A01-90DD-91E80D4CD115}"
EndProject
Project("{FAE04EC0-301F-11D3-BF4B-00C04F79EFBC}") = "WebApplication13", "Elmah\WebApplication13.csproj", "{7191B07B-3EC7-4B8F-881F-4ABAEE6F21B5}"
EndProject
Project("{2150E333-8FDC-42A3-9474-1A3956D46DE8}") = "Skywalking", "Skywalking", "{9FC1F21E-06BE-4BFB-A386-E8D649E9821F}"
EndProject
Project("{9A19103F-16F7-4668-BE54-9A1E7A4F7556}") = "WebApplication4", "WebApplication4\WebApplication4.csproj", "{57288DB0-2518-4852-8F91-72289A1918EB}"
EndProject
Project("{9A19103F-16F7-4668-BE54-9A1E7A4F7556}") = "WebApplication5", "WebApplication4 - 副本\WebApplication5.csproj", "{FD38C79A-669E-4C83-AB03-72D1968ED14D}"
EndProject
Project("{9A19103F-16F7-4668-BE54-9A1E7A4F7556}") = "hangfiretest", "hangfiretest\hangfiretest.csproj", "{8C0AB162-037D-4724-B5F2-6B93D5A80722}"
EndProject
Project("{2150E333-8FDC-42A3-9474-1A3956D46DE8}") = "ABP", "ABP", "{004BFA3F-D817-44DD-8EB5-C084949033E7}"
EndProject
Project("{FAE04EC0-301F-11D3-BF4B-00C04F79EFBC}") = "WebApplication15", "WebApplication15\WebApplication15.csproj", "{23724795-C3C7-4892-BCD8-2409FF736704}"
EndProject
Global
	GlobalSection(SolutionConfigurationPlatforms) = preSolution
		Debug|Any CPU = Debug|Any CPU
		Release|Any CPU = Release|Any CPU
	EndGlobalSection
	GlobalSection(ProjectConfigurationPlatforms) = postSolution
		{9B98D378-818A-47A4-90DE-E20821C78DA0}.Debug|Any CPU.ActiveCfg = Debug|Any CPU
		{9B98D378-818A-47A4-90DE-E20821C78DA0}.Debug|Any CPU.Build.0 = Debug|Any CPU
		{9B98D378-818A-47A4-90DE-E20821C78DA0}.Release|Any CPU.ActiveCfg = Release|Any CPU
		{9B98D378-818A-47A4-90DE-E20821C78DA0}.Release|Any CPU.Build.0 = Release|Any CPU
		{E429302E-4BC0-4368-934F-3DB0A149043C}.Debug|Any CPU.ActiveCfg = Debug|Any CPU
		{E429302E-4BC0-4368-934F-3DB0A149043C}.Debug|Any CPU.Build.0 = Debug|Any CPU
		{E429302E-4BC0-4368-934F-3DB0A149043C}.Release|Any CPU.ActiveCfg = Release|Any CPU
		{E429302E-4BC0-4368-934F-3DB0A149043C}.Release|Any CPU.Build.0 = Release|Any CPU
		{E668D757-B7E8-47C4-8B29-8D2708BD47FB}.Debug|Any CPU.ActiveCfg = Debug|Any CPU
		{E668D757-B7E8-47C4-8B29-8D2708BD47FB}.Debug|Any CPU.Build.0 = Debug|Any CPU
		{E668D757-B7E8-47C4-8B29-8D2708BD47FB}.Release|Any CPU.ActiveCfg = Release|Any CPU
		{E668D757-B7E8-47C4-8B29-8D2708BD47FB}.Release|Any CPU.Build.0 = Release|Any CPU
		{CDD5261F-828A-4F66-9613-64376F3C9CD4}.Debug|Any CPU.ActiveCfg = Debug|Any CPU
		{CDD5261F-828A-4F66-9613-64376F3C9CD4}.Debug|Any CPU.Build.0 = Debug|Any CPU
		{CDD5261F-828A-4F66-9613-64376F3C9CD4}.Release|Any CPU.ActiveCfg = Release|Any CPU
		{CDD5261F-828A-4F66-9613-64376F3C9CD4}.Release|Any CPU.Build.0 = Release|Any CPU
		{A4DF3C49-684E-4841-B16D-BF1B3DAB6234}.Debug|Any CPU.ActiveCfg = Debug|Any CPU
		{A4DF3C49-684E-4841-B16D-BF1B3DAB6234}.Debug|Any CPU.Build.0 = Debug|Any CPU
		{A4DF3C49-684E-4841-B16D-BF1B3DAB6234}.Release|Any CPU.ActiveCfg = Release|Any CPU
		{A4DF3C49-684E-4841-B16D-BF1B3DAB6234}.Release|Any CPU.Build.0 = Release|Any CPU
		{7FC11BFC-D1C9-4424-8D02-B4B62390DCA2}.Debug|Any CPU.ActiveCfg = Debug|Any CPU
		{7FC11BFC-D1C9-4424-8D02-B4B62390DCA2}.Debug|Any CPU.Build.0 = Debug|Any CPU
		{7FC11BFC-D1C9-4424-8D02-B4B62390DCA2}.Release|Any CPU.ActiveCfg = Release|Any CPU
		{7FC11BFC-D1C9-4424-8D02-B4B62390DCA2}.Release|Any CPU.Build.0 = Release|Any CPU
		{C6B9FF2C-1B55-4782-8761-96C373A77E39}.Debug|Any CPU.ActiveCfg = Debug|Any CPU
		{C6B9FF2C-1B55-4782-8761-96C373A77E39}.Debug|Any CPU.Build.0 = Debug|Any CPU
		{C6B9FF2C-1B55-4782-8761-96C373A77E39}.Release|Any CPU.ActiveCfg = Release|Any CPU
		{C6B9FF2C-1B55-4782-8761-96C373A77E39}.Release|Any CPU.Build.0 = Release|Any CPU
		{7191B07B-3EC7-4B8F-881F-4ABAEE6F21B5}.Debug|Any CPU.ActiveCfg = Debug|Any CPU
		{7191B07B-3EC7-4B8F-881F-4ABAEE6F21B5}.Debug|Any CPU.Build.0 = Debug|Any CPU
		{7191B07B-3EC7-4B8F-881F-4ABAEE6F21B5}.Release|Any CPU.ActiveCfg = Release|Any CPU
		{7191B07B-3EC7-4B8F-881F-4ABAEE6F21B5}.Release|Any CPU.Build.0 = Release|Any CPU
		{57288DB0-2518-4852-8F91-72289A1918EB}.Debug|Any CPU.ActiveCfg = Debug|Any CPU
		{57288DB0-2518-4852-8F91-72289A1918EB}.Debug|Any CPU.Build.0 = Debug|Any CPU
		{57288DB0-2518-4852-8F91-72289A1918EB}.Release|Any CPU.ActiveCfg = Release|Any CPU
		{57288DB0-2518-4852-8F91-72289A1918EB}.Release|Any CPU.Build.0 = Release|Any CPU
		{FD38C79A-669E-4C83-AB03-72D1968ED14D}.Debug|Any CPU.ActiveCfg = Debug|Any CPU
		{FD38C79A-669E-4C83-AB03-72D1968ED14D}.Debug|Any CPU.Build.0 = Debug|Any CPU
		{FD38C79A-669E-4C83-AB03-72D1968ED14D}.Release|Any CPU.ActiveCfg = Release|Any CPU
		{FD38C79A-669E-4C83-AB03-72D1968ED14D}.Release|Any CPU.Build.0 = Release|Any CPU
		{8C0AB162-037D-4724-B5F2-6B93D5A80722}.Debug|Any CPU.ActiveCfg = Debug|Any CPU
		{8C0AB162-037D-4724-B5F2-6B93D5A80722}.Debug|Any CPU.Build.0 = Debug|Any CPU
		{8C0AB162-037D-4724-B5F2-6B93D5A80722}.Release|Any CPU.ActiveCfg = Release|Any CPU
		{8C0AB162-037D-4724-B5F2-6B93D5A80722}.Release|Any CPU.Build.0 = Release|Any CPU
		{23724795-C3C7-4892-BCD8-2409FF736704}.Debug|Any CPU.ActiveCfg = Debug|Any CPU
		{23724795-C3C7-4892-BCD8-2409FF736704}.Debug|Any CPU.Build.0 = Debug|Any CPU
		{23724795-C3C7-4892-BCD8-2409FF736704}.Release|Any CPU.ActiveCfg = Release|Any CPU
		{23724795-C3C7-4892-BCD8-2409FF736704}.Release|Any CPU.Build.0 = Release|Any CPU
	EndGlobalSection
	GlobalSection(SolutionProperties) = preSolution
		HideSolutionNode = FALSE
	EndGlobalSection
	GlobalSection(NestedProjects) = preSolution
		{9B98D378-818A-47A4-90DE-E20821C78DA0} = {9F674A65-FDDA-43AD-BA95-3D8D0F8AC6D5}
		{E429302E-4BC0-4368-934F-3DB0A149043C} = {F8F45486-08EC-413C-BA07-89F71AE7B455}
		{E668D757-B7E8-47C4-8B29-8D2708BD47FB} = {42D3B32F-12C3-4F70-902B-BF7F092C6FD5}
		{CDD5261F-828A-4F66-9613-64376F3C9CD4} = {42D3B32F-12C3-4F70-902B-BF7F092C6FD5}
		{A4DF3C49-684E-4841-B16D-BF1B3DAB6234} = {29C6666B-3F95-456A-BF64-93F17B715434}
		{7FC11BFC-D1C9-4424-8D02-B4B62390DCA2} = {29C6666B-3F95-456A-BF64-93F17B715434}
		{C6B9FF2C-1B55-4782-8761-96C373A77E39} = {29C6666B-3F95-456A-BF64-93F17B715434}
		{7191B07B-3EC7-4B8F-881F-4ABAEE6F21B5} = {675BB375-064A-4A01-90DD-91E80D4CD115}
		{57288DB0-2518-4852-8F91-72289A1918EB} = {9FC1F21E-06BE-4BFB-A386-E8D649E9821F}
		{FD38C79A-669E-4C83-AB03-72D1968ED14D} = {9FC1F21E-06BE-4BFB-A386-E8D649E9821F}
		{8C0AB162-037D-4724-B5F2-6B93D5A80722} = {F6448D58-4A05-46F3-920F-553EF58858A7}
		{23724795-C3C7-4892-BCD8-2409FF736704} = {004BFA3F-D817-44DD-8EB5-C084949033E7}
	EndGlobalSection
	GlobalSection(ExtensibilityGlobals) = postSolution
		SolutionGuid = {D38A9259-956E-4952-967E-3B6B7D9A3F1C}
	EndGlobalSection
EndGlobal
