
Microsoft Visual Studio Solution File, Format Version 12.00
# Visual Studio 15
VisualStudioVersion = 15.0.26730.15
MinimumVisualStudioVersion = 10.0.40219.1
Project("{9A19103F-16F7-4668-BE54-9A1E7A4F7556}") = "Sample.RabbitMQ.MySql", "samples\Sample.RabbitMQ.MySql\Sample.RabbitMQ.MySql.csproj", "{9F3F9BFE-7B6A-4A7A-A6E6-8B517D611873}"
EndProject
Project("{9A19103F-16F7-4668-BE54-9A1E7A4F7556}") = "WebApplication1", "WebApplication1\WebApplication1.csproj", "{AE9A3721-2E06-496F-B55B-EA3D6A3BA89C}"
EndProject
Project("{FAE04EC0-301F-11D3-BF4B-00C04F79EFBC}") = "ConsoleApp1", "ConsoleApp1\ConsoleApp1.csproj", "{F337C29B-EB85-412E-9B85-63740D20DB08}"
EndProject
Global
	GlobalSection(SolutionConfigurationPlatforms) = preSolution
		Debug|Any CPU = Debug|Any CPU
		Release|Any CPU = Release|Any CPU
	EndGlobalSection
	GlobalSection(ProjectConfigurationPlatforms) = postSolution
		{9F3F9BFE-7B6A-4A7A-A6E6-8B517D611873}.Debug|Any CPU.ActiveCfg = Debug|Any CPU
		{9F3F9BFE-7B6A-4A7A-A6E6-8B517D611873}.Release|Any CPU.ActiveCfg = Release|Any CPU
		{9F3F9BFE-7B6A-4A7A-A6E6-8B517D611873}.Release|Any CPU.Build.0 = Release|Any CPU
		{AE9A3721-2E06-496F-B55B-EA3D6A3BA89C}.Debug|Any CPU.ActiveCfg = Debug|Any CPU
		{AE9A3721-2E06-496F-B55B-EA3D6A3BA89C}.Debug|Any CPU.Build.0 = Debug|Any CPU
		{AE9A3721-2E06-496F-B55B-EA3D6A3BA89C}.Release|Any CPU.ActiveCfg = Release|Any CPU
		{AE9A3721-2E06-496F-B55B-EA3D6A3BA89C}.Release|Any CPU.Build.0 = Release|Any CPU
		{F337C29B-EB85-412E-9B85-63740D20DB08}.Debug|Any CPU.ActiveCfg = Debug|Any CPU
		{F337C29B-EB85-412E-9B85-63740D20DB08}.Debug|Any CPU.Build.0 = Debug|Any CPU
		{F337C29B-EB85-412E-9B85-63740D20DB08}.Release|Any CPU.ActiveCfg = Release|Any CPU
		{F337C29B-EB85-412E-9B85-63740D20DB08}.Release|Any CPU.Build.0 = Release|Any CPU
	EndGlobalSection
	GlobalSection(SolutionProperties) = preSolution
		HideSolutionNode = FALSE
	EndGlobalSection
	GlobalSection(ExtensibilityGlobals) = postSolution
		SolutionGuid = {2E70565D-94CF-40B4-BFE1-AC18D5F736AB}
	EndGlobalSection
EndGlobal
